# THIS IS AN AUTOGENERATED FILE. DO NOT EDIT THIS FILE DIRECTLY.
# yarn lockfile v1


"@types/node@^18.11.15":
  version "18.16.16"
  resolved "https://registry.yarnpkg.com/@types/node/-/node-18.16.16.tgz#3b64862856c7874ccf7439e6bab872d245c86d8e"
  integrity sha512-NpaM49IGQQAUlBhHMF82QH80J08os4ZmyF9MkpCzWAGuOHqE4gTEbhzd7L3l5LmWuZ6E0OiC1FweQ4tsiW35+g==

typescript@4.9.4:
  version "4.9.4"
  resolved "https://registry.yarnpkg.com/typescript/-/typescript-4.9.4.tgz#a2a3d2756c079abda241d75f149df9d561091e78"
  integrity sha512-Uz+dTXYzxXXbsFpM86Wh3dKCxrQqUcVMxwU54orwlJjOpO3ao8L7j5lH+dWfTwgCwIuM9GQ2kvVotzYJMXTBZg==
